// !$*UTF8*$!
{
	archiveVersion = 1;
	classes = {
	};
	objectVersion = 55;
	objects = {

/* Begin PBXBuildFile section */
		C3285565285CDFAF00999F35 /* ToDoListApp.swift in Sources */ = {isa = PBXBuildFile; fileRef = C3285564285CDFAF00999F35 /* ToDoListApp.swift */; };
		C3285567285CDFAF00999F35 /* ContentView.swift in Sources */ = {isa = PBXBuildFile; fileRef = C3285566285CDFAF00999F35 /* ContentView.swift */; };
		C3285569285CDFB000999F35 /* Assets.xcassets in Resources */ = {isa = PBXBuildFile; fileRef = C3285568285CDFB000999F35 /* Assets.xcassets */; };
		C328556C285CDFB000999F35 /* Preview Assets.xcassets in Resources */ = {isa = PBXBuildFile; fileRef = C328556B285CDFB000999F35 /* Preview Assets.xcassets */; };
		C3285573285CE02300999F35 /* TaskModel.swift in Sources */ = {isa = PBXBuildFile; fileRef = C3285572285CE02300999F35 /* TaskModel.swift */; };
		C3285576285CE04E00999F35 /* TaskViewModel.swift in Sources */ = {isa = PBXBuildFile; fileRef = C3285575285CE04E00999F35 /* TaskViewModel.swift */; };
		C3285578285CE06000999F35 /* TaskListViewModel.swift in Sources */ = {isa = PBXBuildFile; fileRef = C3285577285CE06000999F35 /* TaskListViewModel.swift */; };
		C328557A285CE07700999F35 /* ContentProvider.swift in Sources */ = {isa = PBXBuildFile; fileRef = C3285579285CE07700999F35 /* ContentProvider.swift */; };
		C328557D285CE0BC00999F35 /* MockContentProvider.swift in Sources */ = {isa = PBXBuildFile; fileRef = C328557C285CE0BC00999F35 /* MockContentProvider.swift */; };
		C328557F285CE0E900999F35 /* ToDoListContentProvider.swift in Sources */ = {isa = PBXBuildFile; fileRef = C328557E285CE0E900999F35 /* ToDoListContentProvider.swift */; };
		C3285581285CE10500999F35 /* DataManager.swift in Sources */ = {isa = PBXBuildFile; fileRef = C3285580285CE10500999F35 /* DataManager.swift */; };
		C3285584285CE12500999F35 /* UserDefaultsDatamanager.swift in Sources */ = {isa = PBXBuildFile; fileRef = C3285583285CE12500999F35 /* UserDefaultsDatamanager.swift */; };
/* End PBXBuildFile section */

/* Begin PBXFileReference section */
		C3285561285CDFAF00999F35 /* ToDoList.app */ = {isa = PBXFileReference; explicitFileType = wrapper.application; includeInIndex = 0; path = ToDoList.app; sourceTree = BUILT_PRODUCTS_DIR; };
		C3285564285CDFAF00999F35 /* ToDoListApp.swift */ = {isa = PBXFileReference; lastKnownFileType = sourcecode.swift; path = ToDoListApp.swift; sourceTree = "<group>"; };
		C3285566285CDFAF00999F35 /* ContentView.swift */ = {isa = PBXFileReference; lastKnownFileType = sourcecode.swift; path = ContentView.swift; sourceTree = "<group>"; };
		C3285568285CDFB000999F35 /* Assets.xcassets */ = {isa = PBXFileReference; lastKnownFileType = folder.assetcatalog; path = Assets.xcassets; sourceTree = "<group>"; };
		C328556B285CDFB000999F35 /* Preview Assets.xcassets */ = {isa = PBXFileReference; lastKnownFileType = folder.assetcatalog; path = "Preview Assets.xcassets"; sourceTree = "<group>"; };
		C3285572285CE02300999F35 /* TaskModel.swift */ = {isa = PBXFileReference; lastKnownFileType = sourcecode.swift; path = TaskModel.swift; sourceTree = "<group>"; };
		C3285575285CE04E00999F35 /* TaskViewModel.swift */ = {isa = PBXFileReference; lastKnownFileType = sourcecode.swift; path = TaskViewModel.swift; sourceTree = "<group>"; };
		C3285577285CE06000999F35 /* TaskListViewModel.swift */ = {isa = PBXFileReference; lastKnownFileType = sourcecode.swift; path = TaskListViewModel.swift; sourceTree = "<group>"; };
		C3285579285CE07700999F35 /* ContentProvider.swift */ = {isa = PBXFileReference; lastKnownFileType = sourcecode.swift; path = ContentProvider.swift; sourceTree = "<group>"; };
		C328557C285CE0BC00999F35 /* MockContentProvider.swift */ = {isa = PBXFileReference; lastKnownFileType = sourcecode.swift; path = MockContentProvider.swift; sourceTree = "<group>"; };
		C328557E285CE0E900999F35 /* ToDoListContentProvider.swift */ = {isa = PBXFileReference; lastKnownFileType = sourcecode.swift; path = ToDoListContentProvider.swift; sourceTree = "<group>"; };
		C3285580285CE10500999F35 /* DataManager.swift */ = {isa = PBXFileReference; lastKnownFileType = sourcecode.swift; path = DataManager.swift; sourceTree = "<group>"; };
		C3285583285CE12500999F35 /* UserDefaultsDatamanager.swift */ = {isa = PBXFileReference; lastKnownFileType = sourcecode.swift; path = UserDefaultsDatamanager.swift; sourceTree = "<group>"; };
/* End PBXFileReference section */

/* Begin PBXFrameworksBuildPhase section */
		C328555E285CDFAF00999F35 /* Frameworks */ = {
			isa = PBXFrameworksBuildPhase;
			buildActionMask = 2147483647;
			files = (
			);
			runOnlyForDeploymentPostprocessing = 0;
		};
/* End PBXFrameworksBuildPhase section */

/* Begin PBXGroup section */
		C3285558285CDFAF00999F35 = {
			isa = PBXGroup;
			children = (
				C3285563285CDFAF00999F35 /* ToDoList */,
				C3285562285CDFAF00999F35 /* Products */,
			);
			sourceTree = "<group>";
		};
		C3285562285CDFAF00999F35 /* Products */ = {
			isa = PBXGroup;
			children = (
				C3285561285CDFAF00999F35 /* ToDoList.app */,
			);
			name = Products;
			sourceTree = "<group>";
		};
		C3285563285CDFAF00999F35 /* ToDoList */ = {
			isa = PBXGroup;
			children = (
				C3285564285CDFAF00999F35 /* ToDoListApp.swift */,
				C3285566285CDFAF00999F35 /* ContentView.swift */,
				C328557B285CE07B00999F35 /* Services */,
				C3285574285CE02B00999F35 /* Model */,
				C3285568285CDFB000999F35 /* Assets.xcassets */,
				C328556A285CDFB000999F35 /* Preview Content */,
			);
			path = ToDoList;
			sourceTree = "<group>";
		};
		C328556A285CDFB000999F35 /* Preview Content */ = {
			isa = PBXGroup;
			children = (
				C328556B285CDFB000999F35 /* Preview Assets.xcassets */,
			);
			path = "Preview Content";
			sourceTree = "<group>";
		};
		C3285574285CE02B00999F35 /* Model */ = {
			isa = PBXGroup;
			children = (
				C3285572285CE02300999F35 /* TaskModel.swift */,
				C3285575285CE04E00999F35 /* TaskViewModel.swift */,
				C3285577285CE06000999F35 /* TaskListViewModel.swift */,
			);
			path = Model;
			sourceTree = "<group>";
		};
		C328557B285CE07B00999F35 /* Services */ = {
			isa = PBXGroup;
			children = (
				C3285582285CE10C00999F35 /* Common */,
				C3285579285CE07700999F35 /* ContentProvider.swift */,
				C328557E285CE0E900999F35 /* ToDoListContentProvider.swift */,
				C328557C285CE0BC00999F35 /* MockContentProvider.swift */,
			);
			path = Services;
			sourceTree = "<group>";
		};
		C3285582285CE10C00999F35 /* Common */ = {
			isa = PBXGroup;
			children = (
				C3285580285CE10500999F35 /* DataManager.swift */,
				C3285583285CE12500999F35 /* UserDefaultsDatamanager.swift */,
			);
			path = Common;
			sourceTree = "<group>";
		};
/* End PBXGroup section */

/* Begin PBXNativeTarget section */
		C3285560285CDFAF00999F35 /* ToDoList */ = {
			isa = PBXNativeTarget;
			buildConfigurationList = C328556F285CDFB000999F35 /* Build configuration list for PBXNativeTarget "ToDoList" */;
			buildPhases = (
				C328555D285CDFAF00999F35 /* Sources */,
				C328555E285CDFAF00999F35 /* Frameworks */,
				C328555F285CDFAF00999F35 /* Resources */,
			);
			buildRules = (
			);
			dependencies = (
			);
			name = ToDoList;
			productName = ToDoList;
			productReference = C3285561285CDFAF00999F35 /* ToDoList.app */;
			productType = "com.apple.product-type.application";
		};
/* End PBXNativeTarget section */

/* Begin PBXProject section */
		C3285559285CDFAF00999F35 /* Project object */ = {
			isa = PBXProject;
			attributes = {
				BuildIndependentTargetsInParallel = 1;
				LastSwiftUpdateCheck = 1330;
				LastUpgradeCheck = 1330;
				TargetAttributes = {
					C3285560285CDFAF00999F35 = {
						CreatedOnToolsVersion = 13.3;
					};
				};
			};
			buildConfigurationList = C328555C285CDFAF00999F35 /* Build configuration list for PBXProject "ToDoList" */;
			compatibilityVersion = "Xcode 13.0";
			developmentRegion = en;
			hasScannedForEncodings = 0;
			knownRegions = (
				en,
				Base,
			);
			mainGroup = C3285558285CDFAF00999F35;
			productRefGroup = C3285562285CDFAF00999F35 /* Products */;
			projectDirPath = "";
			projectRoot = "";
			targets = (
				C3285560285CDFAF00999F35 /* ToDoList */,
			);
		};
/* End PBXProject section */

/* Begin PBXResourcesBuildPhase section */
		C328555F285CDFAF00999F35 /* Resources */ = {
			isa = PBXResourcesBuildPhase;
			buildActionMask = 2147483647;
			files = (
				C328556C285CDFB000999F35 /* Preview Assets.xcassets in Resources */,
				C3285569285CDFB000999F35 /* Assets.xcassets in Resources */,
			);
			runOnlyForDeploymentPostprocessing = 0;
		};
/* End PBXResourcesBuildPhase section */

/* Begin PBXSourcesBuildPhase section */
		C328555D285CDFAF00999F35 /* Sources */ = {
			isa = PBXSourcesBuildPhase;
			buildActionMask = 2147483647;
			files = (
				C3285584285CE12500999F35 /* UserDefaultsDatamanager.swift in Sources */,
				C328557F285CE0E900999F35 /* ToDoListContentProvider.swift in Sources */,
				C328557A285CE07700999F35 /* ContentProvider.swift in Sources */,
				C3285573285CE02300999F35 /* TaskModel.swift in Sources */,
				C3285576285CE04E00999F35 /* TaskViewModel.swift in Sources */,
				C3285578285CE06000999F35 /* TaskListViewModel.swift in Sources */,
				C3285567285CDFAF00999F35 /* ContentView.swift in Sources */,
				C328557D285CE0BC00999F35 /* MockContentProvider.swift in Sources */,
				C3285581285CE10500999F35 /* DataManager.swift in Sources */,
				C3285565285CDFAF00999F35 /* ToDoListApp.swift in Sources */,
			);
			runOnlyForDeploymentPostprocessing = 0;
		};
/* End PBXSourcesBuildPhase section */

/* Begin XCBuildConfiguration section */
		C328556D285CDFB000999F35 /* Debug */ = {
			isa = XCBuildConfiguration;
			buildSettings = {
				ALWAYS_SEARCH_USER_PATHS = NO;
				CLANG_ANALYZER_NONNULL = YES;
				CLANG_ANALYZER_NUMBER_OBJECT_CONVERSION = YES_AGGRESSIVE;
				CLANG_CXX_LANGUAGE_STANDARD = "gnu++17";
				CLANG_ENABLE_MODULES = YES;
				CLANG_ENABLE_OBJC_ARC = YES;
				CLANG_ENABLE_OBJC_WEAK = YES;
				CLANG_WARN_BLOCK_CAPTURE_AUTORELEASING = YES;
				CLANG_WARN_BOOL_CONVERSION = YES;
				CLANG_WARN_COMMA = YES;
				CLANG_WARN_CONSTANT_CONVERSION = YES;
				CLANG_WARN_DEPRECATED_OBJC_IMPLEMENTATIONS = YES;
				CLANG_WARN_DIRECT_OBJC_ISA_USAGE = YES_ERROR;
				CLANG_WARN_DOCUMENTATION_COMMENTS = YES;
				CLANG_WARN_EMPTY_BODY = YES;
				CLANG_WARN_ENUM_CONVERSION = YES;
				CLANG_WARN_INFINITE_RECURSION = YES;
				CLANG_WARN_INT_CONVERSION = YES;
				CLANG_WARN_NON_LITERAL_NULL_CONVERSION = YES;
				CLANG_WARN_OBJC_IMPLICIT_RETAIN_SELF = YES;
				CLANG_WARN_OBJC_LITERAL_CONVERSION = YES;
				CLANG_WARN_OBJC_ROOT_CLASS = YES_ERROR;
				CLANG_WARN_QUOTED_INCLUDE_IN_FRAMEWORK_HEADER = YES;
				CLANG_WARN_RANGE_LOOP_ANALYSIS = YES;
				CLANG_WARN_STRICT_PROTOTYPES = YES;
				CLANG_WARN_SUSPICIOUS_MOVE = YES;
				CLANG_WARN_UNGUARDED_AVAILABILITY = YES_AGGRESSIVE;
				CLANG_WARN_UNREACHABLE_CODE = YES;
				CLANG_WARN__DUPLICATE_METHOD_MATCH = YES;
				COPY_PHASE_STRIP = NO;
				DEBUG_INFORMATION_FORMAT = dwarf;
				ENABLE_STRICT_OBJC_MSGSEND = YES;
				ENABLE_TESTABILITY = YES;
				GCC_C_LANGUAGE_STANDARD = gnu11;
				GCC_DYNAMIC_NO_PIC = NO;
				GCC_NO_COMMON_BLOCKS = YES;
				GCC_OPTIMIZATION_LEVEL = 0;
				GCC_PREPROCESSOR_DEFINITIONS = (
					"DEBUG=1",
					"$(inherited)",
				);
				GCC_WARN_64_TO_32_BIT_CONVERSION = YES;
				GCC_WARN_ABOUT_RETURN_TYPE = YES_ERROR;
				GCC_WARN_UNDECLARED_SELECTOR = YES;
				GCC_WARN_UNINITIALIZED_AUTOS = YES_AGGRESSIVE;
				GCC_WARN_UNUSED_FUNCTION = YES;
				GCC_WARN_UNUSED_VARIABLE = YES;
				IPHONEOS_DEPLOYMENT_TARGET = 15.4;
				MTL_ENABLE_DEBUG_INFO = INCLUDE_SOURCE;
				MTL_FAST_MATH = YES;
				ONLY_ACTIVE_ARCH = YES;
				SDKROOT = iphoneos;
				SWIFT_ACTIVE_COMPILATION_CONDITIONS = DEBUG;
				SWIFT_OPTIMIZATION_LEVEL = "-Onone";
			};
			name = Debug;
		};
		C328556E285CDFB000999F35 /* Release */ = {
			isa = XCBuildConfiguration;
			buildSettings = {
				ALWAYS_SEARCH_USER_PATHS = NO;
				CLANG_ANALYZER_NONNULL = YES;
				CLANG_ANALYZER_NUMBER_OBJECT_CONVERSION = YES_AGGRESSIVE;
				CLANG_CXX_LANGUAGE_STANDARD = "gnu++17";
				CLANG_ENABLE_MODULES = YES;
				CLANG_ENABLE_OBJC_ARC = YES;
				CLANG_ENABLE_OBJC_WEAK = YES;
				CLANG_WARN_BLOCK_CAPTURE_AUTORELEASING = YES;
				CLANG_WARN_BOOL_CONVERSION = YES;
				CLANG_WARN_COMMA = YES;
				CLANG_WARN_CONSTANT_CONVERSION = YES;
				CLANG_WARN_DEPRECATED_OBJC_IMPLEMENTATIONS = YES;
				CLANG_WARN_DIRECT_OBJC_ISA_USAGE = YES_ERROR;
				CLANG_WARN_DOCUMENTATION_COMMENTS = YES;
				CLANG_WARN_EMPTY_BODY = YES;
				CLANG_WARN_ENUM_CONVERSION = YES;
				CLANG_WARN_INFINITE_RECURSION = YES;
				CLANG_WARN_INT_CONVERSION = YES;
				CLANG_WARN_NON_LITERAL_NULL_CONVERSION = YES;
				CLANG_WARN_OBJC_IMPLICIT_RETAIN_SELF = YES;
				CLANG_WARN_OBJC_LITERAL_CONVERSION = YES;
				CLANG_WARN_OBJC_ROOT_CLASS = YES_ERROR;
				CLANG_WARN_QUOTED_INCLUDE_IN_FRAMEWORK_HEADER = YES;
				CLANG_WARN_RANGE_LOOP_ANALYSIS = YES;
				CLANG_WARN_STRICT_PROTOTYPES = YES;
				CLANG_WARN_SUSPICIOUS_MOVE = YES;
				CLANG_WARN_UNGUARDED_AVAILABILITY = YES_AGGRESSIVE;
				CLANG_WARN_UNREACHABLE_CODE = YES;
				CLANG_WARN__DUPLICATE_METHOD_MATCH = YES;
				COPY_PHASE_STRIP = NO;
				DEBUG_INFORMATION_FORMAT = "dwarf-with-dsym";
				ENABLE_NS_ASSERTIONS = NO;
				ENABLE_STRICT_OBJC_MSGSEND = YES;
				GCC_C_LANGUAGE_STANDARD = gnu11;
				GCC_NO_COMMON_BLOCKS = YES;
				GCC_WARN_64_TO_32_BIT_CONVERSION = YES;
				GCC_WARN_ABOUT_RETURN_TYPE = YES_ERROR;
				GCC_WARN_UNDECLARED_SELECTOR = YES;
				GCC_WARN_UNINITIALIZED_AUTOS = YES_AGGRESSIVE;
				GCC_WARN_UNUSED_FUNCTION = YES;
				GCC_WARN_UNUSED_VARIABLE = YES;
				IPHONEOS_DEPLOYMENT_TARGET = 15.4;
				MTL_ENABLE_DEBUG_INFO = NO;
				MTL_FAST_MATH = YES;
				SDKROOT = iphoneos;
				SWIFT_COMPILATION_MODE = wholemodule;
				SWIFT_OPTIMIZATION_LEVEL = "-O";
				VALIDATE_PRODUCT = YES;
			};
			name = Release;
		};
		C3285570285CDFB000999F35 /* Debug */ = {
			isa = XCBuildConfiguration;
			buildSettings = {
				ASSETCATALOG_COMPILER_APPICON_NAME = AppIcon;
				ASSETCATALOG_COMPILER_GLOBAL_ACCENT_COLOR_NAME = AccentColor;
				CODE_SIGN_STYLE = Automatic;
				CURRENT_PROJECT_VERSION = 1;
				DEVELOPMENT_ASSET_PATHS = "\"ToDoList/Preview Content\"";
				DEVELOPMENT_TEAM = A5358JG4KP;
				ENABLE_PREVIEWS = YES;
				GENERATE_INFOPLIST_FILE = YES;
				INFOPLIST_KEY_UIApplicationSceneManifest_Generation = YES;
				INFOPLIST_KEY_UIApplicationSupportsIndirectInputEvents = YES;
				INFOPLIST_KEY_UILaunchScreen_Generation = YES;
				INFOPLIST_KEY_UISupportedInterfaceOrientations_iPad = "UIInterfaceOrientationPortrait UIInterfaceOrientationPortraitUpsideDown UIInterfaceOrientationLandscapeLeft UIInterfaceOrientationLandscapeRight";
				INFOPLIST_KEY_UISupportedInterfaceOrientations_iPhone = "UIInterfaceOrientationPortrait UIInterfaceOrientationLandscapeLeft UIInterfaceOrientationLandscapeRight";
				LD_RUNPATH_SEARCH_PATHS = (
					"$(inherited)",
					"@executable_path/Frameworks",
				);
				MARKETING_VERSION = 1.0;
				PRODUCT_BUNDLE_IDENTIFIER = com.darialeonova.ToDoList;
				PRODUCT_NAME = "$(TARGET_NAME)";
				SWIFT_EMIT_LOC_STRINGS = YES;
				SWIFT_VERSION = 5.0;
				TARGETED_DEVICE_FAMILY = "1,2";
			};
			name = Debug;
		};
		C3285571285CDFB000999F35 /* Release */ = {
			isa = XCBuildConfiguration;
			buildSettings = {
				ASSETCATALOG_COMPILER_APPICON_NAME = AppIcon;
				ASSETCATALOG_COMPILER_GLOBAL_ACCENT_COLOR_NAME = AccentColor;
				CODE_SIGN_STYLE = Automatic;
				CURRENT_PROJECT_VERSION = 1;
				DEVELOPMENT_ASSET_PATHS = "\"ToDoList/Preview Content\"";
				DEVELOPMENT_TEAM = A5358JG4KP;
				ENABLE_PREVIEWS = YES;
				GENERATE_INFOPLIST_FILE = YES;
				INFOPLIST_KEY_UIApplicationSceneManifest_Generation = YES;
				INFOPLIST_KEY_UIApplicationSupportsIndirectInputEvents = YES;
				INFOPLIST_KEY_UILaunchScreen_Generation = YES;
				INFOPLIST_KEY_UISupportedInterfaceOrientations_iPad = "UIInterfaceOrientationPortrait UIInterfaceOrientationPortraitUpsideDown UIInterfaceOrientationLandscapeLeft UIInterfaceOrientationLandscapeRight";
				INFOPLIST_KEY_UISupportedInterfaceOrientations_iPhone = "UIInterfaceOrientationPortrait UIInterfaceOrientationLandscapeLeft UIInterfaceOrientationLandscapeRight";
				LD_RUNPATH_SEARCH_PATHS = (
					"$(inherited)",
					"@executable_path/Frameworks",
				);
				MARKETING_VERSION = 1.0;
				PRODUCT_BUNDLE_IDENTIFIER = com.darialeonova.ToDoList;
				PRODUCT_NAME = "$(TARGET_NAME)";
				SWIFT_EMIT_LOC_STRINGS = YES;
				SWIFT_VERSION = 5.0;
				TARGETED_DEVICE_FAMILY = "1,2";
			};
			name = Release;
		};
/* End XCBuildConfiguration section */

/* Begin XCConfigurationList section */
		C328555C285CDFAF00999F35 /* Build configuration list for PBXProject "ToDoList" */ = {
			isa = XCConfigurationList;
			buildConfigurations = (
				C328556D285CDFB000999F35 /* Debug */,
				C328556E285CDFB000999F35 /* Release */,
			);
			defaultConfigurationIsVisible = 0;
			defaultConfigurationName = Release;
		};
		C328556F285CDFB000999F35 /* Build configuration list for PBXNativeTarget "ToDoList" */ = {
			isa = XCConfigurationList;
			buildConfigurations = (
				C3285570285CDFB000999F35 /* Debug */,
				C3285571285CDFB000999F35 /* Release */,
			);
			defaultConfigurationIsVisible = 0;
			defaultConfigurationName = Release;
		};
/* End XCConfigurationList section */
	};
	rootObject = C3285559285CDFAF00999F35 /* Project object */;
}
